<?xml version="1.0" encoding="utf-8"?>
<Project ToolsVersion="4.0" xmlns="http://schemas.microsoft.com/developer/msbuild/2003">
  <ItemGroup>
    <Filter Include="Source Files">
      <UniqueIdentifier>{4FC737F1-C7A5-4376-A066-2A32D752A2FF}</UniqueIdentifier>
      <Extensions>cpp;c;cc;cxx;def;odl;idl;hpj;bat;asm;asmx</Extensions>
    </Filter>
    <Filter Include="Header Files">
      <UniqueIdentifier>{93995380-89BD-4b04-88EB-625FBE52EBFB}</UniqueIdentifier>
      <Extensions>h;hpp;hxx;hm;inl;inc;xsd</Extensions>
    </Filter>
    <Filter Include="Resource Files">
      <UniqueIdentifier>{67DA6AB6-F800-4c08-8B7A-83BB121AAD01}</UniqueIdentifier>
      <Extensions>rc;ico;cur;bmp;dlg;rc2;rct;bin;rgs;gif;jpg;jpeg;jpe;resx;tiff;tif;png;wav;mfcribbon-ms</Extensions>
    </Filter>
    <Filter Include="Header Files\Internal">
      <UniqueIdentifier>{7fb23aef-46e3-40f6-99df-d05c1bb84a83}</UniqueIdentifier>
    </Filter>
    <Filter Include="Source Files\Resources">
      <UniqueIdentifier>{470e4fa0-3581-44e6-9df3-dccf0c70aae4}</UniqueIdentifier>
    </Filter>
    <Filter Include="Header Files\Utility">
      <UniqueIdentifier>{9fd7f1af-c286-481c-a694-f26e6b997ca6}</UniqueIdentifier>
    </Filter>
    <Filter Include="Dependancies">
      <UniqueIdentifier>{5515987d-a186-4077-b3ec-2f95cd8ef7ec}</UniqueIdentifier>
    </Filter>
    <Filter Include="Dependancies\LZMA">
      <UniqueIdentifier>{2f887a77-1493-420b-af3d-be7eb75b8728}</UniqueIdentifier>
    </Filter>
    <Filter Include="Dependancies\Deflate">
      <UniqueIdentifier>{3841ea99-f98a-4c9d-adf3-0c634a734ad0}</UniqueIdentifier>
    </Filter>
    <Filter Include="Dependancies\Snappy">
      <UniqueIdentifier>{481b4dde-20ae-4347-845e-e35301e437a7}</UniqueIdentifier>
    </Filter>
  </ItemGroup>
  <ItemGroup>
    <ClInclude Include="Headers\SDK\types.h">
      <Filter>Header Files</Filter>
    </ClInclude>
    <ClInclude Include="Headers\SDK\DomainMemory.h">
      <Filter>Header Files</Filter>
    </ClInclude>
    <ClInclude Include="Headers\SDK\global_allocator.h">
      <Filter>Header Files</Filter>
    </ClInclude>
    <ClInclude Include="Headers\SDK\hage_math.h">
      <Filter>Header Files</Filter>
    </ClInclude>
    <ClInclude Include="Headers\SDK\HAGE.h">
      <Filter>Header Files</Filter>
    </ClInclude>
    <ClInclude Include="Headers\SDK\IDomain.h">
      <Filter>Header Files</Filter>
    </ClInclude>
    <ClInclude Include="Headers\SDK\interlocked_functions.h">
      <Filter>Header Files</Filter>
    </ClInclude>
    <ClInclude Include="Headers\SDK\IObject.h">
      <Filter>Header Files</Filter>
    </ClInclude>
    <ClInclude Include="Headers\SDK\messages.h">
      <Filter>Header Files</Filter>
    </ClInclude>
    <ClInclude Include="Headers\SDK\ObjectBase.h">
      <Filter>Header Files</Filter>
    </ClInclude>
    <ClInclude Include="Headers\SDK\PinBase.h">
      <Filter>Header Files</Filter>
    </ClInclude>
    <ClInclude Include="Headers\SDK\PinHelpers.h">
      <Filter>Header Files</Filter>
    </ClInclude>
    <ClInclude Include="Headers\SDK\preproc.h">
      <Filter>Header Files</Filter>
    </ClInclude>
    <ClInclude Include="Headers\SDK\results.h">
      <Filter>Header Files</Filter>
    </ClInclude>
    <ClInclude Include="Headers\SDK\TaskManager.h">
      <Filter>Header Files</Filter>
    </ClInclude>
    <ClInclude Include="Headers\SDK\TLS.h">
      <Filter>Header Files</Filter>
    </ClInclude>
    <ClInclude Include="Headers\SDK\RenderingAPIWrapper.h">
      <Filter>Header Files</Filter>
    </ClInclude>
    <ClInclude Include="Headers\SDK\MainClass.h">
      <Filter>Header Files</Filter>
    </ClInclude>
    <ClInclude Include="Source\Core\D3D11APIWrapper.h">
      <Filter>Header Files\Internal</Filter>
    </ClInclude>
    <ClInclude Include="Source\Core\SharedTaskManager.h">
      <Filter>Header Files\Internal</Filter>
    </ClInclude>
    <ClInclude Include="Source\Core\SharedCoreFactory.h">
      <Filter>Header Files\Internal</Filter>
    </ClInclude>
    <ClInclude Include="Source\Core\OpenGL3APIWrapper.h">
      <Filter>Header Files\Internal</Filter>
    </ClInclude>
    <ClInclude Include="Source\Core\DebugUI.h">
      <Filter>Header Files\Internal</Filter>
    </ClInclude>
    <ClInclude Include="Source\Core\RenderDebugUI.h">
      <Filter>Header Files\Internal</Filter>
    </ClInclude>
    <ClInclude Include="Source\Core\InputDomain.h">
      <Filter>Header Files\Internal</Filter>
    </ClInclude>
    <ClInclude Include="Headers\SDK\DomainBase.h">
      <Filter>Header Files</Filter>
    </ClInclude>
    <ClInclude Include="Source\Core\FixedSizeKeyStorage.h">
      <Filter>Header Files\Internal</Filter>
    </ClInclude>
    <ClInclude Include="Headers\SDK\traits.h">
      <Filter>Header Files</Filter>
    </ClInclude>
    <ClInclude Include="Headers\SDK\ResourceManager.h">
      <Filter>Header Files</Filter>
    </ClInclude>
    <ClInclude Include="Source\Core\ResourceDomain.h">
      <Filter>Header Files\Internal</Filter>
    </ClInclude>
    <ClInclude Include="Headers\SDK\ResourceFormats.h">
      <Filter>Header Files</Filter>
    </ClInclude>
    <ClInclude Include="Headers\SDK\EffectContainer.h">
      <Filter>Header Files</Filter>
    </ClInclude>
    <ClInclude Include="Source\Core\mpq_stormlib.h">
      <Filter>Header Files\Internal</Filter>
    </ClInclude>
    <ClInclude Include="Source\Core\CMeshLoader.h">
      <Filter>Header Files\Internal</Filter>
    </ClInclude>
    <ClInclude Include="Source\Core\CImageLoader.h">
      <Filter>Header Files\Internal</Filter>
    </ClInclude>
    <ClInclude Include="Source\Core\CMapLoader.h">
      <Filter>Header Files\Internal</Filter>
    </ClInclude>
    <ClInclude Include="Headers\SDK\EditableMesh.h">
      <Filter>Header Files\Utility</Filter>
    </ClInclude>
    <ClInclude Include="Headers\SDK\SpatialTree.h">
      <Filter>Header Files\Utility</Filter>
    </ClInclude>
    <ClInclude Include="Headers\SDK\SparseVirtualTextureFile.h">
      <Filter>Header Files</Filter>
    </ClInclude>
    <ClInclude Include="headers\sdk\MeshEx.h">
      <Filter>Header Files\Utility</Filter>
    </ClInclude>
    <ClInclude Include="Headers\SDK\MeshExDecimator.h">
      <Filter>Header Files\Utility</Filter>
    </ClInclude>
    <ClInclude Include="Headers\SDK\MeshExGeometry.h">
      <Filter>Header Files\Utility</Filter>
    </ClInclude>
    <ClInclude Include="Headers\SDK\VirtualTextureManager.h">
      <Filter>Header Files\Internal</Filter>
    </ClInclude>
    <ClInclude Include="Headers\SDK\MeshExCurvature.h">
      <Filter>Header Files\Utility</Filter>
    </ClInclude>
    <ClInclude Include="Headers\SDK\MeshExSubdivision.h">
      <Filter>Header Files\Utility</Filter>
    </ClInclude>
    <ClInclude Include="Headers\SDK\Math\Vector2.h">
      <Filter>Header Files\Math</Filter>
    </ClInclude>
    <ClInclude Include="Headers\SDK\Math\Vector3.h">
      <Filter>Header Files\Math</Filter>
    </ClInclude>
    <ClInclude Include="Headers\SDK\Math\Vector4.h">
      <Filter>Header Files\Math</Filter>
    </ClInclude>
    <ClInclude Include="Headers\SDK\Math\Matrix4.h">
      <Filter>Header Files\Math</Filter>
    </ClInclude>
    <ClInclude Include="Headers\SDK\Math\Quaternion.h">
      <Filter>Header Files\Math</Filter>
    </ClInclude>
    <ClInclude Include="Headers\SDK\Math\Binary.h">
      <Filter>Header Files\Math</Filter>
    </ClInclude>
    <ClInclude Include="Headers\SDK\Math\MathTypes.h">
      <Filter>Header Files\Math</Filter>
    </ClInclude>
    <ClInclude Include="Headers\SDK\MeshExCurvature.h">
      <Filter>Header Files\Utility</Filter>
    </ClInclude>
    <ClInclude Include="Headers\SDK\MeshExSubdivision.h">
      <Filter>Header Files\Utility</Filter>
    </ClInclude>
    <ClInclude Include="Headers\SDK\VTFeedbackAnalyzer.h">
      <Filter>Header Files\Internal</Filter>
    </ClInclude>
    <ClInclude Include="Headers\SDK\CoreFactory.h">
      <Filter>Header Files\Utility</Filter>
    </ClInclude>
    <ClInclude Include="Headers\SDK\EditableImage.h">
      <Filter>Header Files\Utility</Filter>
    </ClInclude>
    <ClInclude Include="Source\Core\Dependancies\LZMA\LzmaEnc.h">
      <Filter>Dependancies\LZMA</Filter>
    </ClInclude>
    <ClInclude Include="Source\Core\Dependancies\LZMA\Alloc.h">
      <Filter>Dependancies\LZMA</Filter>
    </ClInclude>
    <ClInclude Include="Source\Core\Dependancies\LZMA\LzFind.h">
      <Filter>Dependancies\LZMA</Filter>
    </ClInclude>
    <ClInclude Include="Source\Core\Dependancies\LZMA\LzFindMt.h">
      <Filter>Dependancies\LZMA</Filter>
    </ClInclude>
    <ClInclude Include="Source\Core\Dependancies\LZMA\LzHash.h">
      <Filter>Dependancies\LZMA</Filter>
    </ClInclude>
    <ClInclude Include="Source\Core\Dependancies\LZMA\Lzma2Dec.h">
      <Filter>Dependancies\LZMA</Filter>
    </ClInclude>
    <ClInclude Include="Source\Core\Dependancies\LZMA\Lzma2Enc.h">
      <Filter>Dependancies\LZMA</Filter>
    </ClInclude>
    <ClInclude Include="Source\Core\Dependancies\LZMA\Lzma86.h">
      <Filter>Dependancies\LZMA</Filter>
    </ClInclude>
    <ClInclude Include="Source\Core\Dependancies\LZMA\LzmaDec.h">
      <Filter>Dependancies\LZMA</Filter>
    </ClInclude>
    <ClInclude Include="Source\Core\Dependancies\LZMA\Types.h">
      <Filter>Dependancies\LZMA</Filter>
    </ClInclude>
    <ClInclude Include="Source\Core\Dependancies\Deflate\deflate.h">
      <Filter>Dependancies\Deflate</Filter>
    </ClInclude>
    <ClInclude Include="Source\Core\Dependancies\Snappy\snappy.h">
      <Filter>Dependancies\Snappy</Filter>
    </ClInclude>
    <ClInclude Include="Source\Core\Dependancies\Snappy\snappy-internal.h">
      <Filter>Dependancies\Snappy</Filter>
    </ClInclude>
    <ClInclude Include="Source\Core\Dependancies\Snappy\snappy-sinksource.h">
      <Filter>Dependancies\Snappy</Filter>
    </ClInclude>
    <ClInclude Include="Source\Core\Dependancies\Snappy\snappy-stubs-internal.h">
      <Filter>Dependancies\Snappy</Filter>
    </ClInclude>
    <ClInclude Include="Source\Core\Dependancies\Snappy\snappy-stubs-public.h">
      <Filter>Dependancies\Snappy</Filter>
    </ClInclude>
    <ClInclude Include="Source\Core\Dependancies\LZMA\Bra.h">
      <Filter>Dependancies\LZMA</Filter>
    </ClInclude>
    <ClInclude Include="Source\Core\Dependancies\LZMA\MtCoder.h">
      <Filter>Dependancies\LZMA</Filter>
    </ClInclude>
    <ClInclude Include="Source\Core\Dependancies\LZMA\Threads.h">
      <Filter>Dependancies\LZMA</Filter>
    </ClInclude>
    <ClInclude Include="Source\Core\SVTPageEncoding.h">
      <Filter>Header Files\Internal</Filter>
    </ClInclude>
  </ItemGroup>
  <ItemGroup>
    <ClCompile Include="Source\Core\CoreFactory.cpp">
      <Filter>Source Files</Filter>
    </ClCompile>
    <ClCompile Include="Source\Core\DomainBase.cpp">
      <Filter>Source Files</Filter>
    </ClCompile>
    <ClCompile Include="Source\Core\DomainMemory.cpp">
      <Filter>Source Files</Filter>
    </ClCompile>
    <ClCompile Include="Source\Core\PinBase.cpp">
      <Filter>Source Files</Filter>
    </ClCompile>
    <ClCompile Include="Source\Core\SharedCoreFactory.cpp">
      <Filter>Source Files</Filter>
    </ClCompile>
    <ClCompile Include="Source\Core\SharedTaskManager.cpp">
      <Filter>Source Files</Filter>
    </ClCompile>
    <ClCompile Include="Source\Core\TaskManager.cpp">
      <Filter>Source Files</Filter>
    </ClCompile>
    <ClCompile Include="Source\Core\TLS.cpp">
      <Filter>Source Files</Filter>
    </ClCompile>
    <ClCompile Include="Source\Core\WinMain.cpp">
      <Filter>Source Files</Filter>
    </ClCompile>
    <ClCompile Include="Source\Core\XMain.cpp">
      <Filter>Source Files</Filter>
    </ClCompile>
    <ClCompile Include="Source\Core\OGL3ConstantBuffer.cpp">
      <Filter>Source Files</Filter>
    </ClCompile>
    <ClCompile Include="Source\Core\OGL3Effect.cpp">
      <Filter>Source Files</Filter>
    </ClCompile>
    <ClCompile Include="Source\Core\OGL3VertexArray.cpp">
      <Filter>Source Files</Filter>
    </ClCompile>
    <ClCompile Include="Source\Core\OGL3VertexBuffer.cpp">
      <Filter>Source Files</Filter>
    </ClCompile>
    <ClCompile Include="Source\Core\OpenGL3APIWrapper.cpp">
      <Filter>Source Files</Filter>
    </ClCompile>
    <ClCompile Include="Source\Core\D3D11ConstantBuffer.cpp">
      <Filter>Source Files</Filter>
    </ClCompile>
    <ClCompile Include="Source\Core\D3D11Effect.cpp">
      <Filter>Source Files</Filter>
    </ClCompile>
    <ClCompile Include="Source\Core\D3D11VertexArray.cpp">
      <Filter>Source Files</Filter>
    </ClCompile>
    <ClCompile Include="Source\Core\D3D11VertexBuffer.cpp">
      <Filter>Source Files</Filter>
    </ClCompile>
    <ClCompile Include="Source\Core\D3DRenderingAPIWrapper.cpp">
      <Filter>Source Files</Filter>
    </ClCompile>
    <ClCompile Include="Source\Core\prec.cpp">
      <Filter>Source Files</Filter>
    </ClCompile>
    <ClCompile Include="Source\Core\DebugUI.cpp">
      <Filter>Source Files</Filter>
    </ClCompile>
    <ClCompile Include="Source\Core\RenderDebugUI.cpp">
      <Filter>Source Files</Filter>
    </ClCompile>
    <ClCompile Include="Source\Core\InputDomain.cpp">
      <Filter>Source Files</Filter>
    </ClCompile>
    <ClCompile Include="Source\Core\RenderingAPIWrapper.cpp">
      <Filter>Source Files</Filter>
    </ClCompile>
    <ClCompile Include="Source\Core\Messages.cpp">
      <Filter>Source Files</Filter>
    </ClCompile>
    <ClCompile Include="Source\Core\ResourceDomain.cpp">
      <Filter>Source Files</Filter>
    </ClCompile>
    <ClCompile Include="Source\Core\ResourceManager.cpp">
      <Filter>Source Files</Filter>
    </ClCompile>
    <ClCompile Include="Source\Core\MeshLoader.cpp">
      <Filter>Source Files\Resources</Filter>
    </ClCompile>
    <ClCompile Include="ply\rply.c">
      <Filter>Source Files\Resources</Filter>
    </ClCompile>
    <ClCompile Include="Source\Core\OGL3Texture.cpp">
      <Filter>Source Files</Filter>
    </ClCompile>
    <ClCompile Include="Source\Core\D3D11Texture.cpp">
      <Filter>Source Files</Filter>
    </ClCompile>
    <ClCompile Include="Source\Core\EffectContainer.cpp">
      <Filter>Source Files</Filter>
    </ClCompile>
    <ClCompile Include="Source\Core\ImageLoader.cpp">
      <Filter>Source Files\Resources</Filter>
    </ClCompile>
    <ClCompile Include="Source\Core\mpq_stormlib.cpp">
      <Filter>Source Files\Resources</Filter>
    </ClCompile>
    <ClCompile Include="Source\Core\RawLoader.cpp">
      <Filter>Source Files\Resources</Filter>
    </ClCompile>
    <ClCompile Include="Source\Core\CMapLoader.cpp">
      <Filter>Source Files\Resources</Filter>
    </ClCompile>
    <ClCompile Include="Source\Core\CMapImageLoader.cpp">
      <Filter>Source Files\Resources</Filter>
    </ClCompile>
    <ClCompile Include="Source\Core\SparseVirtualTextureFile.cpp">
      <Filter>Source Files</Filter>
    </ClCompile>
    <ClCompile Include="Source\Core\VirtualTextureManager.cpp">
      <Filter>Source Files\Resources</Filter>
    </ClCompile>
    <ClCompile Include="DXguids.cpp">
      <Filter>Source Files</Filter>
    </ClCompile>
    <ClCompile Include="Source\Core\SVTPage.cpp">
      <Filter>Source Files</Filter>
    </ClCompile>
    <ClCompile Include="Source\Core\Dependancies\LZMA\Alloc.c">
      <Filter>Dependancies\LZMA</Filter>
    </ClCompile>
    <ClCompile Include="Source\Core\Dependancies\LZMA\LzFind.c">
      <Filter>Dependancies\LZMA</Filter>
    </ClCompile>
    <ClCompile Include="Source\Core\Dependancies\LZMA\LzFindMt.c">
      <Filter>Dependancies\LZMA</Filter>
    </ClCompile>
    <ClCompile Include="Source\Core\Dependancies\LZMA\Lzma2Dec.c">
      <Filter>Dependancies\LZMA</Filter>
    </ClCompile>
    <ClCompile Include="Source\Core\Dependancies\LZMA\Lzma2Enc.c">
      <Filter>Dependancies\LZMA</Filter>
    </ClCompile>
    <ClCompile Include="Source\Core\Dependancies\LZMA\Lzma86Dec.c">
      <Filter>Dependancies\LZMA</Filter>
    </ClCompile>
    <ClCompile Include="Source\Core\Dependancies\LZMA\Lzma86Enc.c">
      <Filter>Dependancies\LZMA</Filter>
    </ClCompile>
    <ClCompile Include="Source\Core\Dependancies\LZMA\LzmaDec.c">
      <Filter>Dependancies\LZMA</Filter>
    </ClCompile>
    <ClCompile Include="Source\Core\Dependancies\LZMA\LzmaEnc.c">
      <Filter>Dependancies\LZMA</Filter>
    </ClCompile>
    <ClCompile Include="Source\Core\Dependancies\Deflate\deflate.c">
      <Filter>Dependancies\Deflate</Filter>
    </ClCompile>
    <ClCompile Include="Source\Core\Dependancies\Snappy\snappy.cc">
      <Filter>Dependancies\Snappy</Filter>
    </ClCompile>
    <ClCompile Include="Source\Core\Dependancies\Snappy\snappy-sinksource.cc">
      <Filter>Dependancies\Snappy</Filter>
    </ClCompile>
    <ClCompile Include="Source\Core\Dependancies\Snappy\snappy-stubs-internal.cc">
      <Filter>Dependancies\Snappy</Filter>
    </ClCompile>
    <ClCompile Include="Source\Core\Dependancies\LZMA\Bra.c">
      <Filter>Dependancies\LZMA</Filter>
    </ClCompile>
    <ClCompile Include="Source\Core\Dependancies\LZMA\MtCoder.c">
      <Filter>Dependancies\LZMA</Filter>
    </ClCompile>
    <ClCompile Include="Source\Core\Dependancies\LZMA\Threads.c">
      <Filter>Dependancies\LZMA</Filter>
    </ClCompile>
    <ClCompile Include="Source\Core\SVTPageEncoding.cpp">
      <Filter>Source Files</Filter>
    </ClCompile>
  </ItemGroup>
</Project>