<?xml version="1.0" encoding="utf-8"?>
<Project ToolsVersion="4.0" xmlns="http://schemas.microsoft.com/developer/msbuild/2003">
  <ItemGroup>
    <ClCompile Include="Source\AIDomain.cpp">
      <Filter>Source Files</Filter>
    </ClCompile>
    <ClCompile Include="Source\Main.cpp">
      <Filter>Source Files</Filter>
    </ClCompile>
    <ClCompile Include="Source\SoundDomain.cpp">
      <Filter>Source Files</Filter>
    </ClCompile>
    <ClCompile Include="Source\UserInterface.cpp">
      <Filter>Source Files</Filter>
    </ClCompile>
    <ClCompile Include="Source\UserInterfaceRendering.cpp">
      <Filter>Source Files</Filter>
    </ClCompile>
    <ClCompile Include="Source\prec.cpp">
      <Filter>Source Files</Filter>
    </ClCompile>
    <ClCompile Include="Source\GActor.cpp">
      <Filter>Source Files\Graphics</Filter>
    </ClCompile>
    <ClCompile Include="Source\GLight.cpp">
      <Filter>Source Files\Graphics</Filter>
    </ClCompile>
    <ClCompile Include="Source\GraphicsDomain.cpp">
      <Filter>Source Files\Graphics</Filter>
    </ClCompile>
    <ClCompile Include="Source\GSheet.cpp">
      <Filter>Source Files\Graphics</Filter>
    </ClCompile>
    <ClCompile Include="Source\LActor.cpp">
      <Filter>Source Files\Logic</Filter>
    </ClCompile>
    <ClCompile Include="Source\LLight.cpp">
      <Filter>Source Files\Logic</Filter>
    </ClCompile>
    <ClCompile Include="Source\LogicDomain.cpp">
      <Filter>Source Files\Logic</Filter>
    </ClCompile>
    <ClCompile Include="Source\LSheet.cpp">
      <Filter>Source Files\Logic</Filter>
    </ClCompile>
    <ClCompile Include="Source\RActor.cpp">
      <Filter>Source Files\Rendering</Filter>
    </ClCompile>
    <ClCompile Include="Source\RSheet.cpp">
      <Filter>Source Files\Rendering</Filter>
    </ClCompile>
    <ClCompile Include="Source\RenderingDomain.cpp">
      <Filter>Source Files\Rendering</Filter>
    </ClCompile>
    <ClCompile Include="Source\RLight.cpp">
      <Filter>Source Files\Rendering</Filter>
    </ClCompile>
    <ClCompile Include="Source\SettingsLoader.cpp">
      <Filter>Source Files</Filter>
    </ClCompile>
  </ItemGroup>
  <ItemGroup>
    <Filter Include="Source Files">
      <UniqueIdentifier>{ae1ee57e-fef6-4a49-b038-ef54892124e5}</UniqueIdentifier>
    </Filter>
    <Filter Include="Header Files">
      <UniqueIdentifier>{415db48f-9c3c-4228-a28e-69d29ac1e164}</UniqueIdentifier>
    </Filter>
    <Filter Include="Header Files\Base Headers">
      <UniqueIdentifier>{8d6116b5-db82-412b-a1bb-fe2922e1100f}</UniqueIdentifier>
    </Filter>
    <Filter Include="Source Files\Logic">
      <UniqueIdentifier>{ed7cb88d-2d59-4efa-9896-c56b4dd166b2}</UniqueIdentifier>
    </Filter>
    <Filter Include="Source Files\Graphics">
      <UniqueIdentifier>{e817c0ba-b716-4221-9f8f-2c4cfffb6fe7}</UniqueIdentifier>
    </Filter>
    <Filter Include="Source Files\Rendering">
      <UniqueIdentifier>{68dce3d5-6cc5-4f95-8ad0-5f54f5e0d916}</UniqueIdentifier>
    </Filter>
    <Filter Include="Header Files\Logic">
      <UniqueIdentifier>{e03a8ee7-4215-4ac9-b26c-54e993ae541a}</UniqueIdentifier>
    </Filter>
    <Filter Include="Header Files\Graphics">
      <UniqueIdentifier>{83abfb4d-0cce-49d0-9cde-638adcb1ab9e}</UniqueIdentifier>
    </Filter>
    <Filter Include="Header Files\Rendering">
      <UniqueIdentifier>{532029f5-f14d-407e-9846-5bca1d0f0d1a}</UniqueIdentifier>
    </Filter>
  </ItemGroup>
  <ItemGroup>
    <ClInclude Include="Headers\UserInterface.h">
      <Filter>Header Files</Filter>
    </ClInclude>
    <ClInclude Include="Headers\UserInterfaceRendering.h">
      <Filter>Header Files</Filter>
    </ClInclude>
    <ClInclude Include="Headers\GenericActor.h">
      <Filter>Header Files</Filter>
    </ClInclude>
    <ClInclude Include="Headers\AIDomain.h">
      <Filter>Header Files</Filter>
    </ClInclude>
    <ClInclude Include="Headers\SoundDomain.h">
      <Filter>Header Files</Filter>
    </ClInclude>
    <ClInclude Include="Headers\guids.h">
      <Filter>Header Files\Base Headers</Filter>
    </ClInclude>
    <ClInclude Include="Headers\header.h">
      <Filter>Header Files\Base Headers</Filter>
    </ClInclude>
    <ClInclude Include="Headers\GenericSheet.h">
      <Filter>Header Files</Filter>
    </ClInclude>
    <ClInclude Include="Headers\GActor.h">
      <Filter>Header Files\Graphics</Filter>
    </ClInclude>
    <ClInclude Include="Headers\GSheet.h">
      <Filter>Header Files\Graphics</Filter>
    </ClInclude>
    <ClInclude Include="Headers\GLight.h">
      <Filter>Header Files\Graphics</Filter>
    </ClInclude>
    <ClInclude Include="Headers\LLight.h">
      <Filter>Header Files\Logic</Filter>
    </ClInclude>
    <ClInclude Include="Headers\LActor.h">
      <Filter>Header Files\Logic</Filter>
    </ClInclude>
    <ClInclude Include="Headers\LogicDomain.h">
      <Filter>Header Files\Logic</Filter>
    </ClInclude>
    <ClInclude Include="Headers\LSheet.h">
      <Filter>Header Files\Logic</Filter>
    </ClInclude>
    <ClInclude Include="Headers\GraphicsDomain.h">
      <Filter>Header Files\Graphics</Filter>
    </ClInclude>
    <ClInclude Include="Headers\RActor.h">
      <Filter>Header Files\Rendering</Filter>
    </ClInclude>
    <ClInclude Include="Headers\RSheet.h">
      <Filter>Header Files\Rendering</Filter>
    </ClInclude>
    <ClInclude Include="Headers\RenderingDomain.h">
      <Filter>Header Files\Rendering</Filter>
    </ClInclude>
    <ClInclude Include="Headers\RLight.h">
      <Filter>Header Files\Rendering</Filter>
    </ClInclude>
    <ClInclude Include="Headers\GenericLight.h">
      <Filter>Header Files</Filter>
    </ClInclude>
    <ClInclude Include="Headers\SettingsLoader.h">
      <Filter>Header Files</Filter>
    </ClInclude>
  </ItemGroup>
</Project>