<?xml version="1.0" encoding="utf-8"?>
<Project ToolsVersion="4.0" xmlns="http://schemas.microsoft.com/developer/msbuild/2003">
  <ItemGroup>
    <Filter Include="Source Files">
      <UniqueIdentifier>{4FC737F1-C7A5-4376-A066-2A32D752A2FF}</UniqueIdentifier>
      <Extensions>cpp;c;cc;cxx;def;odl;idl;hpj;bat;asm;asmx</Extensions>
    </Filter>
    <Filter Include="Header Files">
      <UniqueIdentifier>{93995380-89BD-4b04-88EB-625FBE52EBFB}</UniqueIdentifier>
      <Extensions>h;hpp;hxx;hm;inl;inc;xsd</Extensions>
    </Filter>
    <Filter Include="Resource Files">
      <UniqueIdentifier>{67DA6AB6-F800-4c08-8B7A-83BB121AAD01}</UniqueIdentifier>
      <Extensions>rc;ico;cur;bmp;dlg;rc2;rct;bin;rgs;gif;jpg;jpeg;jpe;resx;tiff;tif;png;wav;mfcribbon-ms</Extensions>
    </Filter>
    <Filter Include="Header Files\Internal">
      <UniqueIdentifier>{7fb23aef-46e3-40f6-99df-d05c1bb84a83}</UniqueIdentifier>
    </Filter>
  </ItemGroup>
  <ItemGroup>
    <ClInclude Include="Headers\SDK\types.h">
      <Filter>Header Files</Filter>
    </ClInclude>
    <ClInclude Include="Headers\SDK\DomainMemory.h">
      <Filter>Header Files</Filter>
    </ClInclude>
    <ClInclude Include="Headers\SDK\global_allocator.h">
      <Filter>Header Files</Filter>
    </ClInclude>
    <ClInclude Include="Headers\SDK\hage_math.h">
      <Filter>Header Files</Filter>
    </ClInclude>
    <ClInclude Include="Headers\SDK\HAGE.h">
      <Filter>Header Files</Filter>
    </ClInclude>
    <ClInclude Include="Headers\SDK\IDomain.h">
      <Filter>Header Files</Filter>
    </ClInclude>
    <ClInclude Include="Headers\SDK\interlocked_functions.h">
      <Filter>Header Files</Filter>
    </ClInclude>
    <ClInclude Include="Headers\SDK\IObject.h">
      <Filter>Header Files</Filter>
    </ClInclude>
    <ClInclude Include="Headers\SDK\messages.h">
      <Filter>Header Files</Filter>
    </ClInclude>
    <ClInclude Include="Headers\SDK\ObjectBase.h">
      <Filter>Header Files</Filter>
    </ClInclude>
    <ClInclude Include="Headers\SDK\PinBase.h">
      <Filter>Header Files</Filter>
    </ClInclude>
    <ClInclude Include="Headers\SDK\PinHelpers.h">
      <Filter>Header Files</Filter>
    </ClInclude>
    <ClInclude Include="Headers\SDK\preproc.h">
      <Filter>Header Files</Filter>
    </ClInclude>
    <ClInclude Include="Headers\SDK\results.h">
      <Filter>Header Files</Filter>
    </ClInclude>
    <ClInclude Include="Headers\SDK\TaskManager.h">
      <Filter>Header Files</Filter>
    </ClInclude>
    <ClInclude Include="Headers\SDK\TLS.h">
      <Filter>Header Files</Filter>
    </ClInclude>
    <ClInclude Include="Headers\SDK\RenderingAPIWrapper.h">
      <Filter>Header Files</Filter>
    </ClInclude>
    <ClInclude Include="Headers\SDK\MainClass.h">
      <Filter>Header Files</Filter>
    </ClInclude>
    <ClInclude Include="Source\Core\D3D11APIWrapper.h">
      <Filter>Header Files\Internal</Filter>
    </ClInclude>
    <ClInclude Include="Source\Core\SharedTaskManager.h">
      <Filter>Header Files\Internal</Filter>
    </ClInclude>
    <ClInclude Include="Source\Core\SharedCoreFactory.h">
      <Filter>Header Files\Internal</Filter>
    </ClInclude>
    <ClInclude Include="Source\Core\OpenGL3APIWrapper.h">
      <Filter>Header Files\Internal</Filter>
    </ClInclude>
    <ClInclude Include="Source\Core\DebugUI.h">
      <Filter>Header Files\Internal</Filter>
    </ClInclude>
    <ClInclude Include="Source\Core\RenderDebugUI.h">
      <Filter>Header Files\Internal</Filter>
    </ClInclude>
    <ClInclude Include="Source\Core\InputDomain.h">
      <Filter>Header Files\Internal</Filter>
    </ClInclude>
    <ClInclude Include="Headers\SDK\CoreFactory.h">
      <Filter>Header Files</Filter>
    </ClInclude>
    <ClInclude Include="Headers\SDK\DomainBase.h">
      <Filter>Header Files</Filter>
    </ClInclude>
    <ClInclude Include="Source\Core\FixedSizeKeyStorage.h">
      <Filter>Header Files\Internal</Filter>
    </ClInclude>
  </ItemGroup>
  <ItemGroup>
    <ClCompile Include="Source\Core\CoreFactory.cpp">
      <Filter>Source Files</Filter>
    </ClCompile>
    <ClCompile Include="Source\Core\DomainBase.cpp">
      <Filter>Source Files</Filter>
    </ClCompile>
    <ClCompile Include="Source\Core\DomainMemory.cpp">
      <Filter>Source Files</Filter>
    </ClCompile>
    <ClCompile Include="Source\Core\PinBase.cpp">
      <Filter>Source Files</Filter>
    </ClCompile>
    <ClCompile Include="Source\Core\SharedCoreFactory.cpp">
      <Filter>Source Files</Filter>
    </ClCompile>
    <ClCompile Include="Source\Core\SharedTaskManager.cpp">
      <Filter>Source Files</Filter>
    </ClCompile>
    <ClCompile Include="Source\Core\TaskManager.cpp">
      <Filter>Source Files</Filter>
    </ClCompile>
    <ClCompile Include="Source\Core\TLS.cpp">
      <Filter>Source Files</Filter>
    </ClCompile>
    <ClCompile Include="Source\Core\WinMain.cpp">
      <Filter>Source Files</Filter>
    </ClCompile>
    <ClCompile Include="Source\Core\XMain.cpp">
      <Filter>Source Files</Filter>
    </ClCompile>
    <ClCompile Include="Source\Core\OGL3ConstantBuffer.cpp">
      <Filter>Source Files</Filter>
    </ClCompile>
    <ClCompile Include="Source\Core\OGL3Effect.cpp">
      <Filter>Source Files</Filter>
    </ClCompile>
    <ClCompile Include="Source\Core\OGL3VertexArray.cpp">
      <Filter>Source Files</Filter>
    </ClCompile>
    <ClCompile Include="Source\Core\OGL3VertexBuffer.cpp">
      <Filter>Source Files</Filter>
    </ClCompile>
    <ClCompile Include="Source\Core\OpenGL3APIWrapper.cpp">
      <Filter>Source Files</Filter>
    </ClCompile>
    <ClCompile Include="Source\Core\D3D11ConstantBuffer.cpp">
      <Filter>Source Files</Filter>
    </ClCompile>
    <ClCompile Include="Source\Core\D3D11Effect.cpp">
      <Filter>Source Files</Filter>
    </ClCompile>
    <ClCompile Include="Source\Core\D3D11VertexArray.cpp">
      <Filter>Source Files</Filter>
    </ClCompile>
    <ClCompile Include="Source\Core\D3D11VertexBuffer.cpp">
      <Filter>Source Files</Filter>
    </ClCompile>
    <ClCompile Include="Source\Core\D3DRenderingAPIWrapper.cpp">
      <Filter>Source Files</Filter>
    </ClCompile>
    <ClCompile Include="Source\Core\prec.cpp">
      <Filter>Source Files</Filter>
    </ClCompile>
    <ClCompile Include="Source\Core\DebugUI.cpp">
      <Filter>Source Files</Filter>
    </ClCompile>
    <ClCompile Include="Source\Core\RenderDebugUI.cpp">
      <Filter>Source Files</Filter>
    </ClCompile>
    <ClCompile Include="Source\Core\InputDomain.cpp">
      <Filter>Source Files</Filter>
    </ClCompile>
    <ClCompile Include="Source\Core\RenderingAPIWrapper.cpp">
      <Filter>Source Files</Filter>
    </ClCompile>
    <ClCompile Include="Source\Core\Messages.cpp">
      <Filter>Source Files</Filter>
    </ClCompile>
  </ItemGroup>
</Project>